
Microsoft Visual Studio Solution File, Format Version 12.00
# Visual Studio Version 16
VisualStudioVersion = 16.0.32407.337
MinimumVisualStudioVersion = 10.0.40219.1
Project("{9A19103F-16F7-4668-BE54-9A1E7A4F7556}") = "CarRentalAPI", "CarRentalAPI\CarRentalAPI.csproj", "{A115842D-128A-48DC-B18A-F46C4368848C}"
EndProject
Project("{9A19103F-16F7-4668-BE54-9A1E7A4F7556}") = "Entities", "Entities\Entities.csproj", "{B8E671C3-0EDF-4FB2-AF22-315271C85280}"
EndProject
Project("{9A19103F-16F7-4668-BE54-9A1E7A4F7556}") = "DataAccess", "DataAccess\DataAccess.csproj", "{0E7A982A-9211-452C-98A8-4F7A1732BA37}"
EndProject
Project("{9A19103F-16F7-4668-BE54-9A1E7A4F7556}") = "Core", "Core\Core.csproj", "{2240FDBE-FCD0-4CB4-B70C-B5420913050F}"
EndProject
Project("{9A19103F-16F7-4668-BE54-9A1E7A4F7556}") = "Business", "Business\Business.csproj", "{9C22E7C7-2F3B-41AC-970B-15D3CA160A24}"
EndProject
Global
	GlobalSection(SolutionConfigurationPlatforms) = preSolution
		Debug|Any CPU = Debug|Any CPU
		Release|Any CPU = Release|Any CPU
	EndGlobalSection
	GlobalSection(ProjectConfigurationPlatforms) = postSolution
		{A115842D-128A-48DC-B18A-F46C4368848C}.Debug|Any CPU.ActiveCfg = Debug|Any CPU
		{A115842D-128A-48DC-B18A-F46C4368848C}.Debug|Any CPU.Build.0 = Debug|Any CPU
		{A115842D-128A-48DC-B18A-F46C4368848C}.Release|Any CPU.ActiveCfg = Release|Any CPU
		{A115842D-128A-48DC-B18A-F46C4368848C}.Release|Any CPU.Build.0 = Release|Any CPU
		{B8E671C3-0EDF-4FB2-AF22-315271C85280}.Debug|Any CPU.ActiveCfg = Debug|Any CPU
		{B8E671C3-0EDF-4FB2-AF22-315271C85280}.Debug|Any CPU.Build.0 = Debug|Any CPU
		{B8E671C3-0EDF-4FB2-AF22-315271C85280}.Release|Any CPU.ActiveCfg = Release|Any CPU
		{B8E671C3-0EDF-4FB2-AF22-315271C85280}.Release|Any CPU.Build.0 = Release|Any CPU
		{0E7A982A-9211-452C-98A8-4F7A1732BA37}.Debug|Any CPU.ActiveCfg = Debug|Any CPU
		{0E7A982A-9211-452C-98A8-4F7A1732BA37}.Debug|Any CPU.Build.0 = Debug|Any CPU
		{0E7A982A-9211-452C-98A8-4F7A1732BA37}.Release|Any CPU.ActiveCfg = Release|Any CPU
		{0E7A982A-9211-452C-98A8-4F7A1732BA37}.Release|Any CPU.Build.0 = Release|Any CPU
		{2240FDBE-FCD0-4CB4-B70C-B5420913050F}.Debug|Any CPU.ActiveCfg = Debug|Any CPU
		{2240FDBE-FCD0-4CB4-B70C-B5420913050F}.Debug|Any CPU.Build.0 = Debug|Any CPU
		{2240FDBE-FCD0-4CB4-B70C-B5420913050F}.Release|Any CPU.ActiveCfg = Release|Any CPU
		{2240FDBE-FCD0-4CB4-B70C-B5420913050F}.Release|Any CPU.Build.0 = Release|Any CPU
		{9C22E7C7-2F3B-41AC-970B-15D3CA160A24}.Debug|Any CPU.ActiveCfg = Debug|Any CPU
		{9C22E7C7-2F3B-41AC-970B-15D3CA160A24}.Debug|Any CPU.Build.0 = Debug|Any CPU
		{9C22E7C7-2F3B-41AC-970B-15D3CA160A24}.Release|Any CPU.ActiveCfg = Release|Any CPU
		{9C22E7C7-2F3B-41AC-970B-15D3CA160A24}.Release|Any CPU.Build.0 = Release|Any CPU
	EndGlobalSection
	GlobalSection(SolutionProperties) = preSolution
		HideSolutionNode = FALSE
	EndGlobalSection
	GlobalSection(ExtensibilityGlobals) = postSolution
		SolutionGuid = {2FA8C55E-F8B2-4D49-996C-579B1FC62EBA}
	EndGlobalSection
EndGlobal
