
Microsoft Visual Studio Solution File, Format Version 12.00
# Visual Studio Version 17
VisualStudioVersion = 17.1.32328.378
MinimumVisualStudioVersion = 10.0.40219.1
Project("{2150E333-8FDC-42A3-9474-1A3956D46DE8}") = "src", "src", "{268D5157-B74C-4999-83A6-6A12B3DF7776}"
EndProject
Project("{2150E333-8FDC-42A3-9474-1A3956D46DE8}") = "Api", "Api", "{3E203928-27F0-41D4-B87C-7CDBA631106F}"
EndProject
Project("{2150E333-8FDC-42A3-9474-1A3956D46DE8}") = "Core", "Core", "{DA8FFCDE-0C5B-428B-B145-F322C476E692}"
EndProject
Project("{2150E333-8FDC-42A3-9474-1A3956D46DE8}") = "Infrastructure", "Infrastructure", "{F4C9B8C1-91A9-4CC2-BC57-05D35354CC24}"
EndProject
Project("{2150E333-8FDC-42A3-9474-1A3956D46DE8}") = "Presentation", "Presentation", "{CC3474E5-4A45-4E66-990F-D7068F9D458E}"
EndProject
Project("{2150E333-8FDC-42A3-9474-1A3956D46DE8}") = "Common", "Common", "{42D754AE-B472-4A1C-8CAD-7B35B3DD0007}"
EndProject
Project("{2150E333-8FDC-42A3-9474-1A3956D46DE8}") = "Projections", "Projections", "{DD8C078C-FAE4-4780-B336-EB53C9BD69F2}"
EndProject
Project("{2150E333-8FDC-42A3-9474-1A3956D46DE8}") = "Todos", "Todos", "{45C755A7-38B1-423F-BC24-06789BF36154}"
	ProjectSection(SolutionItems) = preProject
		ignore\todo.txt = ignore\todo.txt
	EndProjectSection
EndProject
Project("{9A19103F-16F7-4668-BE54-9A1E7A4F7556}") = "Base.Api.Domain", "src\Api\Core\Base.Api.Domain\Base.Api.Domain.csproj", "{CF07920C-8FD3-4918-A9C5-E1D6570BD649}"
EndProject
Project("{9A19103F-16F7-4668-BE54-9A1E7A4F7556}") = "Base.Common", "src\Common\Base.Common\Base.Common.csproj", "{9BA9C085-3198-4A44-A8A8-E0EE771ED92E}"
EndProject
Project("{9A19103F-16F7-4668-BE54-9A1E7A4F7556}") = "Base.Api.Application", "src\Api\Core\Base.Api.Application\Base.Api.Application.csproj", "{BB2C7320-07A0-4E64-901E-B3486FCEDE47}"
EndProject
Project("{9A19103F-16F7-4668-BE54-9A1E7A4F7556}") = "Base.Api.Infrastructure", "src\Api\Infrastructure\Base.Api.Infrastructure\Base.Api.Infrastructure.csproj", "{4341D0D3-F82D-4F90-A997-3D4467216A3E}"
EndProject
Project("{9A19103F-16F7-4668-BE54-9A1E7A4F7556}") = "Base.Api.Persistence", "src\Api\Infrastructure\Base.Api.Persistence\Base.Api.Persistence.csproj", "{E9423991-C09B-4D87-8041-3AAFDC0B204B}"
EndProject
Project("{9A19103F-16F7-4668-BE54-9A1E7A4F7556}") = "Base.Api", "src\Api\Presentation\Base.Api\Base.Api.csproj", "{F3B09824-1A46-4A90-A182-96589ECF6238}"
EndProject
Project("{9A19103F-16F7-4668-BE54-9A1E7A4F7556}") = "Base.Projections.UserService", "src\Projections\Base.Projections.UserService\Base.Projections.UserService.csproj", "{51214B28-AEE2-43AA-875A-425896D89550}"
EndProject
Global
	GlobalSection(SolutionConfigurationPlatforms) = preSolution
		Debug|Any CPU = Debug|Any CPU
		Release|Any CPU = Release|Any CPU
	EndGlobalSection
	GlobalSection(ProjectConfigurationPlatforms) = postSolution
		{CF07920C-8FD3-4918-A9C5-E1D6570BD649}.Debug|Any CPU.ActiveCfg = Debug|Any CPU
		{CF07920C-8FD3-4918-A9C5-E1D6570BD649}.Debug|Any CPU.Build.0 = Debug|Any CPU
		{CF07920C-8FD3-4918-A9C5-E1D6570BD649}.Release|Any CPU.ActiveCfg = Release|Any CPU
		{CF07920C-8FD3-4918-A9C5-E1D6570BD649}.Release|Any CPU.Build.0 = Release|Any CPU
		{9BA9C085-3198-4A44-A8A8-E0EE771ED92E}.Debug|Any CPU.ActiveCfg = Debug|Any CPU
		{9BA9C085-3198-4A44-A8A8-E0EE771ED92E}.Debug|Any CPU.Build.0 = Debug|Any CPU
		{9BA9C085-3198-4A44-A8A8-E0EE771ED92E}.Release|Any CPU.ActiveCfg = Release|Any CPU
		{9BA9C085-3198-4A44-A8A8-E0EE771ED92E}.Release|Any CPU.Build.0 = Release|Any CPU
		{BB2C7320-07A0-4E64-901E-B3486FCEDE47}.Debug|Any CPU.ActiveCfg = Debug|Any CPU
		{BB2C7320-07A0-4E64-901E-B3486FCEDE47}.Debug|Any CPU.Build.0 = Debug|Any CPU
		{BB2C7320-07A0-4E64-901E-B3486FCEDE47}.Release|Any CPU.ActiveCfg = Release|Any CPU
		{BB2C7320-07A0-4E64-901E-B3486FCEDE47}.Release|Any CPU.Build.0 = Release|Any CPU
		{4341D0D3-F82D-4F90-A997-3D4467216A3E}.Debug|Any CPU.ActiveCfg = Debug|Any CPU
		{4341D0D3-F82D-4F90-A997-3D4467216A3E}.Debug|Any CPU.Build.0 = Debug|Any CPU
		{4341D0D3-F82D-4F90-A997-3D4467216A3E}.Release|Any CPU.ActiveCfg = Release|Any CPU
		{4341D0D3-F82D-4F90-A997-3D4467216A3E}.Release|Any CPU.Build.0 = Release|Any CPU
		{E9423991-C09B-4D87-8041-3AAFDC0B204B}.Debug|Any CPU.ActiveCfg = Debug|Any CPU
		{E9423991-C09B-4D87-8041-3AAFDC0B204B}.Debug|Any CPU.Build.0 = Debug|Any CPU
		{E9423991-C09B-4D87-8041-3AAFDC0B204B}.Release|Any CPU.ActiveCfg = Release|Any CPU
		{E9423991-C09B-4D87-8041-3AAFDC0B204B}.Release|Any CPU.Build.0 = Release|Any CPU
		{F3B09824-1A46-4A90-A182-96589ECF6238}.Debug|Any CPU.ActiveCfg = Debug|Any CPU
		{F3B09824-1A46-4A90-A182-96589ECF6238}.Debug|Any CPU.Build.0 = Debug|Any CPU
		{F3B09824-1A46-4A90-A182-96589ECF6238}.Release|Any CPU.ActiveCfg = Release|Any CPU
		{F3B09824-1A46-4A90-A182-96589ECF6238}.Release|Any CPU.Build.0 = Release|Any CPU
		{51214B28-AEE2-43AA-875A-425896D89550}.Debug|Any CPU.ActiveCfg = Debug|Any CPU
		{51214B28-AEE2-43AA-875A-425896D89550}.Debug|Any CPU.Build.0 = Debug|Any CPU
		{51214B28-AEE2-43AA-875A-425896D89550}.Release|Any CPU.ActiveCfg = Release|Any CPU
		{51214B28-AEE2-43AA-875A-425896D89550}.Release|Any CPU.Build.0 = Release|Any CPU
	EndGlobalSection
	GlobalSection(SolutionProperties) = preSolution
		HideSolutionNode = FALSE
	EndGlobalSection
	GlobalSection(NestedProjects) = preSolution
		{3E203928-27F0-41D4-B87C-7CDBA631106F} = {268D5157-B74C-4999-83A6-6A12B3DF7776}
		{DA8FFCDE-0C5B-428B-B145-F322C476E692} = {3E203928-27F0-41D4-B87C-7CDBA631106F}
		{F4C9B8C1-91A9-4CC2-BC57-05D35354CC24} = {3E203928-27F0-41D4-B87C-7CDBA631106F}
		{CC3474E5-4A45-4E66-990F-D7068F9D458E} = {3E203928-27F0-41D4-B87C-7CDBA631106F}
		{42D754AE-B472-4A1C-8CAD-7B35B3DD0007} = {268D5157-B74C-4999-83A6-6A12B3DF7776}
		{DD8C078C-FAE4-4780-B336-EB53C9BD69F2} = {268D5157-B74C-4999-83A6-6A12B3DF7776}
		{45C755A7-38B1-423F-BC24-06789BF36154} = {268D5157-B74C-4999-83A6-6A12B3DF7776}
		{CF07920C-8FD3-4918-A9C5-E1D6570BD649} = {DA8FFCDE-0C5B-428B-B145-F322C476E692}
		{9BA9C085-3198-4A44-A8A8-E0EE771ED92E} = {42D754AE-B472-4A1C-8CAD-7B35B3DD0007}
		{BB2C7320-07A0-4E64-901E-B3486FCEDE47} = {DA8FFCDE-0C5B-428B-B145-F322C476E692}
		{4341D0D3-F82D-4F90-A997-3D4467216A3E} = {F4C9B8C1-91A9-4CC2-BC57-05D35354CC24}
		{E9423991-C09B-4D87-8041-3AAFDC0B204B} = {F4C9B8C1-91A9-4CC2-BC57-05D35354CC24}
		{F3B09824-1A46-4A90-A182-96589ECF6238} = {CC3474E5-4A45-4E66-990F-D7068F9D458E}
		{51214B28-AEE2-43AA-875A-425896D89550} = {DD8C078C-FAE4-4780-B336-EB53C9BD69F2}
	EndGlobalSection
	GlobalSection(ExtensibilityGlobals) = postSolution
		SolutionGuid = {65DB6C20-2133-4367-98BD-24709D1280C9}
	EndGlobalSection
EndGlobal
